
Microsoft Visual Studio Solution File, Format Version 12.00
# Visual Studio Version 17
VisualStudioVersion = 17.3.32825.248
MinimumVisualStudioVersion = 10.0.40219.1
Project("{FAE04EC0-301F-11D3-BF4B-00C04F79EFBC}") = "6HET_ih3k69_5fel", "6HET_ih3k69_5fel\6HET_ih3k69_5fel.csproj", "{ECFA17C1-938E-4ED1-8934-CF63C4FF9CCD}"
EndProject
Global
	GlobalSection(SolutionConfigurationPlatforms) = preSolution
		Debug|Any CPU = Debug|Any CPU
		Release|Any CPU = Release|Any CPU
	EndGlobalSection
	GlobalSection(ProjectConfigurationPlatforms) = postSolution
		{ECFA17C1-938E-4ED1-8934-CF63C4FF9CCD}.Debug|Any CPU.ActiveCfg = Debug|Any CPU
		{ECFA17C1-938E-4ED1-8934-CF63C4FF9CCD}.Debug|Any CPU.Build.0 = Debug|Any CPU
		{ECFA17C1-938E-4ED1-8934-CF63C4FF9CCD}.Release|Any CPU.ActiveCfg = Release|Any CPU
		{ECFA17C1-938E-4ED1-8934-CF63C4FF9CCD}.Release|Any CPU.Build.0 = Release|Any CPU
	EndGlobalSection
	GlobalSection(SolutionProperties) = preSolution
		HideSolutionNode = FALSE
	EndGlobalSection
	GlobalSection(ExtensibilityGlobals) = postSolution
		SolutionGuid = {3234DB86-107C-4241-8727-9D8B9820BE2F}
	EndGlobalSection
EndGlobal
