
Microsoft Visual Studio Solution File, Format Version 12.00
# Visual Studio Version 17
VisualStudioVersion = 17.3.32825.248
MinimumVisualStudioVersion = 10.0.40219.1
Project("{FAE04EC0-301F-11D3-BF4B-00C04F79EFBC}") = "7HET_ih3k69", "7HET_ih3k69\7HET_ih3k69.csproj", "{39912B71-733B-4A9E-A0E4-2DF25B69203A}"
EndProject
Global
	GlobalSection(SolutionConfigurationPlatforms) = preSolution
		Debug|Any CPU = Debug|Any CPU
		Release|Any CPU = Release|Any CPU
	EndGlobalSection
	GlobalSection(ProjectConfigurationPlatforms) = postSolution
		{39912B71-733B-4A9E-A0E4-2DF25B69203A}.Debug|Any CPU.ActiveCfg = Debug|Any CPU
		{39912B71-733B-4A9E-A0E4-2DF25B69203A}.Debug|Any CPU.Build.0 = Debug|Any CPU
		{39912B71-733B-4A9E-A0E4-2DF25B69203A}.Release|Any CPU.ActiveCfg = Release|Any CPU
		{39912B71-733B-4A9E-A0E4-2DF25B69203A}.Release|Any CPU.Build.0 = Release|Any CPU
	EndGlobalSection
	GlobalSection(SolutionProperties) = preSolution
		HideSolutionNode = FALSE
	EndGlobalSection
	GlobalSection(ExtensibilityGlobals) = postSolution
		SolutionGuid = {48BF68B4-6C1E-4E24-A8A8-327E09876B5E}
	EndGlobalSection
EndGlobal
