
Microsoft Visual Studio Solution File, Format Version 12.00
# Visual Studio Version 17
VisualStudioVersion = 17.3.32825.248
MinimumVisualStudioVersion = 10.0.40219.1
Project("{FAE04EC0-301F-11D3-BF4B-00C04F79EFBC}") = "4HET_ih3k69", "4HET_ih3k69\4HET_ih3k69.csproj", "{C929FB4F-88BC-43AA-823E-B73BD16BB929}"
EndProject
Global
	GlobalSection(SolutionConfigurationPlatforms) = preSolution
		Debug|Any CPU = Debug|Any CPU
		Release|Any CPU = Release|Any CPU
	EndGlobalSection
	GlobalSection(ProjectConfigurationPlatforms) = postSolution
		{C929FB4F-88BC-43AA-823E-B73BD16BB929}.Debug|Any CPU.ActiveCfg = Debug|Any CPU
		{C929FB4F-88BC-43AA-823E-B73BD16BB929}.Debug|Any CPU.Build.0 = Debug|Any CPU
		{C929FB4F-88BC-43AA-823E-B73BD16BB929}.Release|Any CPU.ActiveCfg = Release|Any CPU
		{C929FB4F-88BC-43AA-823E-B73BD16BB929}.Release|Any CPU.Build.0 = Release|Any CPU
	EndGlobalSection
	GlobalSection(SolutionProperties) = preSolution
		HideSolutionNode = FALSE
	EndGlobalSection
	GlobalSection(ExtensibilityGlobals) = postSolution
		SolutionGuid = {DDDC4FC9-B879-4641-A778-09933231EE1C}
	EndGlobalSection
EndGlobal
